
Microsoft Visual Studio Solution File, Format Version 12.00
# Visual Studio 15
VisualStudioVersion = 15.0.26124.0
MinimumVisualStudioVersion = 15.0.26124.0
Project("{FAE04EC0-301F-11D3-BF4B-00C04F79EFBC}") = "ProAgil.Repository", "ProAgil.Repository\ProAgil.Repository.csproj", "{1ECA7A27-FF66-410A-9E8C-1BD30D7DF693}"
EndProject
Project("{FAE04EC0-301F-11D3-BF4B-00C04F79EFBC}") = "ProAgil.Domain", "ProAgil.Domain\ProAgil.Domain.csproj", "{2A1F061B-C910-42A5-93F7-143A231679B9}"
EndProject
Project("{FAE04EC0-301F-11D3-BF4B-00C04F79EFBC}") = "ProAgil.WebAPI", "ProAgil.WebAPI\ProAgil.WebAPI.csproj", "{1FE40446-9820-4734-841A-8EB3D70FEF09}"
EndProject
Global
	GlobalSection(SolutionConfigurationPlatforms) = preSolution
		Debug|Any CPU = Debug|Any CPU
		Debug|x64 = Debug|x64
		Debug|x86 = Debug|x86
		Release|Any CPU = Release|Any CPU
		Release|x64 = Release|x64
		Release|x86 = Release|x86
	EndGlobalSection
	GlobalSection(SolutionProperties) = preSolution
		HideSolutionNode = FALSE
	EndGlobalSection
	GlobalSection(ProjectConfigurationPlatforms) = postSolution
		{1ECA7A27-FF66-410A-9E8C-1BD30D7DF693}.Debug|Any CPU.ActiveCfg = Debug|Any CPU
		{1ECA7A27-FF66-410A-9E8C-1BD30D7DF693}.Debug|Any CPU.Build.0 = Debug|Any CPU
		{1ECA7A27-FF66-410A-9E8C-1BD30D7DF693}.Debug|x64.ActiveCfg = Debug|Any CPU
		{1ECA7A27-FF66-410A-9E8C-1BD30D7DF693}.Debug|x64.Build.0 = Debug|Any CPU
		{1ECA7A27-FF66-410A-9E8C-1BD30D7DF693}.Debug|x86.ActiveCfg = Debug|Any CPU
		{1ECA7A27-FF66-410A-9E8C-1BD30D7DF693}.Debug|x86.Build.0 = Debug|Any CPU
		{1ECA7A27-FF66-410A-9E8C-1BD30D7DF693}.Release|Any CPU.ActiveCfg = Release|Any CPU
		{1ECA7A27-FF66-410A-9E8C-1BD30D7DF693}.Release|Any CPU.Build.0 = Release|Any CPU
		{1ECA7A27-FF66-410A-9E8C-1BD30D7DF693}.Release|x64.ActiveCfg = Release|Any CPU
		{1ECA7A27-FF66-410A-9E8C-1BD30D7DF693}.Release|x64.Build.0 = Release|Any CPU
		{1ECA7A27-FF66-410A-9E8C-1BD30D7DF693}.Release|x86.ActiveCfg = Release|Any CPU
		{1ECA7A27-FF66-410A-9E8C-1BD30D7DF693}.Release|x86.Build.0 = Release|Any CPU
		{2A1F061B-C910-42A5-93F7-143A231679B9}.Debug|Any CPU.ActiveCfg = Debug|Any CPU
		{2A1F061B-C910-42A5-93F7-143A231679B9}.Debug|Any CPU.Build.0 = Debug|Any CPU
		{2A1F061B-C910-42A5-93F7-143A231679B9}.Debug|x64.ActiveCfg = Debug|Any CPU
		{2A1F061B-C910-42A5-93F7-143A231679B9}.Debug|x64.Build.0 = Debug|Any CPU
		{2A1F061B-C910-42A5-93F7-143A231679B9}.Debug|x86.ActiveCfg = Debug|Any CPU
		{2A1F061B-C910-42A5-93F7-143A231679B9}.Debug|x86.Build.0 = Debug|Any CPU
		{2A1F061B-C910-42A5-93F7-143A231679B9}.Release|Any CPU.ActiveCfg = Release|Any CPU
		{2A1F061B-C910-42A5-93F7-143A231679B9}.Release|Any CPU.Build.0 = Release|Any CPU
		{2A1F061B-C910-42A5-93F7-143A231679B9}.Release|x64.ActiveCfg = Release|Any CPU
		{2A1F061B-C910-42A5-93F7-143A231679B9}.Release|x64.Build.0 = Release|Any CPU
		{2A1F061B-C910-42A5-93F7-143A231679B9}.Release|x86.ActiveCfg = Release|Any CPU
		{2A1F061B-C910-42A5-93F7-143A231679B9}.Release|x86.Build.0 = Release|Any CPU
		{1FE40446-9820-4734-841A-8EB3D70FEF09}.Debug|Any CPU.ActiveCfg = Debug|Any CPU
		{1FE40446-9820-4734-841A-8EB3D70FEF09}.Debug|Any CPU.Build.0 = Debug|Any CPU
		{1FE40446-9820-4734-841A-8EB3D70FEF09}.Debug|x64.ActiveCfg = Debug|Any CPU
		{1FE40446-9820-4734-841A-8EB3D70FEF09}.Debug|x64.Build.0 = Debug|Any CPU
		{1FE40446-9820-4734-841A-8EB3D70FEF09}.Debug|x86.ActiveCfg = Debug|Any CPU
		{1FE40446-9820-4734-841A-8EB3D70FEF09}.Debug|x86.Build.0 = Debug|Any CPU
		{1FE40446-9820-4734-841A-8EB3D70FEF09}.Release|Any CPU.ActiveCfg = Release|Any CPU
		{1FE40446-9820-4734-841A-8EB3D70FEF09}.Release|Any CPU.Build.0 = Release|Any CPU
		{1FE40446-9820-4734-841A-8EB3D70FEF09}.Release|x64.ActiveCfg = Release|Any CPU
		{1FE40446-9820-4734-841A-8EB3D70FEF09}.Release|x64.Build.0 = Release|Any CPU
		{1FE40446-9820-4734-841A-8EB3D70FEF09}.Release|x86.ActiveCfg = Release|Any CPU
		{1FE40446-9820-4734-841A-8EB3D70FEF09}.Release|x86.Build.0 = Release|Any CPU
	EndGlobalSection
EndGlobal
